
Microsoft Visual Studio Solution File, Format Version 12.00
# Visual Studio Version 18
VisualStudioVersion = 18.3.11520.95 d18.3
MinimumVisualStudioVersion = 10.0.40219.1
Project("{FAE04EC0-301F-11D3-BF4B-00C04F79EFBC}") = "GcodeRepeater.Tests", "GcodeRepeater.Tests\GcodeRepeater.Tests.csproj", "{5DB9E8A7-2E64-44DF-8917-6A4DE5358905}"
EndProject
Project("{FAE04EC0-301F-11D3-BF4B-00C04F79EFBC}") = "GcodeRepeater", "GcodeRepeater\GcodeRepeater.csproj", "{AC8BB783-C305-6125-FFC8-CF7A03F245C8}"
EndProject
Project("{FAE04EC0-301F-11D3-BF4B-00C04F79EFBC}") = "GcodeRepeater.Core", "GcodeRepeater.Core\GcodeRepeater.Core.csproj", "{64931F0C-3537-43BD-85DC-17A834E6EC82}"
EndProject
Global
	GlobalSection(SolutionConfigurationPlatforms) = preSolution
		Debug|Any CPU = Debug|Any CPU
		Release|Any CPU = Release|Any CPU
	EndGlobalSection
	GlobalSection(ProjectConfigurationPlatforms) = postSolution
		{5DB9E8A7-2E64-44DF-8917-6A4DE5358905}.Debug|Any CPU.ActiveCfg = Debug|Any CPU
		{5DB9E8A7-2E64-44DF-8917-6A4DE5358905}.Debug|Any CPU.Build.0 = Debug|Any CPU
		{5DB9E8A7-2E64-44DF-8917-6A4DE5358905}.Release|Any CPU.ActiveCfg = Release|Any CPU
		{5DB9E8A7-2E64-44DF-8917-6A4DE5358905}.Release|Any CPU.Build.0 = Release|Any CPU
		{AC8BB783-C305-6125-FFC8-CF7A03F245C8}.Debug|Any CPU.ActiveCfg = Debug|Any CPU
		{AC8BB783-C305-6125-FFC8-CF7A03F245C8}.Debug|Any CPU.Build.0 = Debug|Any CPU
		{AC8BB783-C305-6125-FFC8-CF7A03F245C8}.Release|Any CPU.ActiveCfg = Release|Any CPU
		{AC8BB783-C305-6125-FFC8-CF7A03F245C8}.Release|Any CPU.Build.0 = Release|Any CPU
		{64931F0C-3537-43BD-85DC-17A834E6EC82}.Debug|Any CPU.ActiveCfg = Debug|Any CPU
		{64931F0C-3537-43BD-85DC-17A834E6EC82}.Debug|Any CPU.Build.0 = Debug|Any CPU
		{64931F0C-3537-43BD-85DC-17A834E6EC82}.Release|Any CPU.ActiveCfg = Release|Any CPU
		{64931F0C-3537-43BD-85DC-17A834E6EC82}.Release|Any CPU.Build.0 = Release|Any CPU
	EndGlobalSection
	GlobalSection(SolutionProperties) = preSolution
		HideSolutionNode = FALSE
	EndGlobalSection
	GlobalSection(ExtensibilityGlobals) = postSolution
		SolutionGuid = {178C19C2-1103-4338-9023-0A916D605C1F}
	EndGlobalSection
EndGlobal
